
Microsoft Visual Studio Solution File, Format Version 12.00
# Visual Studio Version 17
VisualStudioVersion = 17.0.31903.59
MinimumVisualStudioVersion = 10.0.40219.1
Project("{FAE04EC0-301F-11D3-BF4B-00C04F79EFBC}") = "CameraUnlock.Core", "src\CameraUnlock.Core\CameraUnlock.Core.csproj", "{A1B2C3D4-E5F6-7890-ABCD-EF1234567890}"
EndProject
Project("{FAE04EC0-301F-11D3-BF4B-00C04F79EFBC}") = "CameraUnlock.Core.Unity", "src\CameraUnlock.Core.Unity\CameraUnlock.Core.Unity.csproj", "{B2C3D4E5-F6A7-8901-BCDE-F12345678901}"
EndProject
Project("{FAE04EC0-301F-11D3-BF4B-00C04F79EFBC}") = "CameraUnlock.Core.Tests", "src\CameraUnlock.Core.Tests\CameraUnlock.Core.Tests.csproj", "{C3D4E5F6-A7B8-9012-CDEF-123456789012}"
EndProject
Project("{FAE04EC0-301F-11D3-BF4B-00C04F79EFBC}") = "CameraUnlock.Core.Unity.BepInEx", "src\CameraUnlock.Core.Unity.BepInEx\CameraUnlock.Core.Unity.BepInEx.csproj", "{32064EDC-9C7A-42FB-BC26-08000A9E7F02}"
EndProject
Project("{FAE04EC0-301F-11D3-BF4B-00C04F79EFBC}") = "CameraUnlock.Core.Unity.Harmony", "src\CameraUnlock.Core.Unity.Harmony\CameraUnlock.Core.Unity.Harmony.csproj", "{0CCCBF67-28A1-44FE-B885-0DC6F22ACD09}"
EndProject
Project("{2150E333-8FDC-42A3-9474-1A3956D46DE8}") = "src", "src", "{827E0CD3-B72D-47B6-A68D-7590B98EB39B}"
EndProject
Project("{FAE04EC0-301F-11D3-BF4B-00C04F79EFBC}") = "CameraUnlock.Core.Unity.Tests", "src\CameraUnlock.Core.Unity.Tests\CameraUnlock.Core.Unity.Tests.csproj", "{C4223449-5E11-4C83-8178-C5F2D933FC51}"
EndProject
Project("{2150E333-8FDC-42A3-9474-1A3956D46DE8}") = "stubs", "stubs", "{CF16BC1C-BDEA-B3AA-CE85-637DF72D6D3F}"
EndProject
Project("{2150E333-8FDC-42A3-9474-1A3956D46DE8}") = "UnityEngine", "UnityEngine", "{E40B6CDD-7CE9-8F09-74B6-9E4E29302379}"
EndProject
Project("{FAE04EC0-301F-11D3-BF4B-00C04F79EFBC}") = "Stubs.UnityEngine", "stubs\UnityEngine\Stubs.UnityEngine.csproj", "{30D36683-7CA4-4B06-9681-E5DD6E6B2A84}"
EndProject
Project("{2150E333-8FDC-42A3-9474-1A3956D46DE8}") = "UnityEngine.UI", "UnityEngine.UI", "{83B48D8F-5114-2D22-50C7-BE7A4DBA2F51}"
EndProject
Project("{FAE04EC0-301F-11D3-BF4B-00C04F79EFBC}") = "Stubs.UnityEngine.UI", "stubs\UnityEngine.UI\Stubs.UnityEngine.UI.csproj", "{2E91D149-6914-4516-AD41-35353647AE95}"
EndProject
Project("{2150E333-8FDC-42A3-9474-1A3956D46DE8}") = "BepInEx", "BepInEx", "{3320C438-D4C1-7C86-341E-9CC538DB308A}"
EndProject
Project("{FAE04EC0-301F-11D3-BF4B-00C04F79EFBC}") = "Stubs.BepInEx", "stubs\BepInEx\Stubs.BepInEx.csproj", "{A75878EE-9DFD-410C-A94B-C0977998B405}"
EndProject
Global
	GlobalSection(SolutionConfigurationPlatforms) = preSolution
		Debug|Any CPU = Debug|Any CPU
		Debug|x64 = Debug|x64
		Debug|x86 = Debug|x86
		Release|Any CPU = Release|Any CPU
		Release|x64 = Release|x64
		Release|x86 = Release|x86
	EndGlobalSection
	GlobalSection(ProjectConfigurationPlatforms) = postSolution
		{A1B2C3D4-E5F6-7890-ABCD-EF1234567890}.Debug|Any CPU.ActiveCfg = Debug|Any CPU
		{A1B2C3D4-E5F6-7890-ABCD-EF1234567890}.Debug|Any CPU.Build.0 = Debug|Any CPU
		{A1B2C3D4-E5F6-7890-ABCD-EF1234567890}.Debug|x64.ActiveCfg = Debug|Any CPU
		{A1B2C3D4-E5F6-7890-ABCD-EF1234567890}.Debug|x64.Build.0 = Debug|Any CPU
		{A1B2C3D4-E5F6-7890-ABCD-EF1234567890}.Debug|x86.ActiveCfg = Debug|Any CPU
		{A1B2C3D4-E5F6-7890-ABCD-EF1234567890}.Debug|x86.Build.0 = Debug|Any CPU
		{A1B2C3D4-E5F6-7890-ABCD-EF1234567890}.Release|Any CPU.ActiveCfg = Release|Any CPU
		{A1B2C3D4-E5F6-7890-ABCD-EF1234567890}.Release|Any CPU.Build.0 = Release|Any CPU
		{A1B2C3D4-E5F6-7890-ABCD-EF1234567890}.Release|x64.ActiveCfg = Release|Any CPU
		{A1B2C3D4-E5F6-7890-ABCD-EF1234567890}.Release|x64.Build.0 = Release|Any CPU
		{A1B2C3D4-E5F6-7890-ABCD-EF1234567890}.Release|x86.ActiveCfg = Release|Any CPU
		{A1B2C3D4-E5F6-7890-ABCD-EF1234567890}.Release|x86.Build.0 = Release|Any CPU
		{B2C3D4E5-F6A7-8901-BCDE-F12345678901}.Debug|Any CPU.ActiveCfg = Debug|Any CPU
		{B2C3D4E5-F6A7-8901-BCDE-F12345678901}.Debug|Any CPU.Build.0 = Debug|Any CPU
		{B2C3D4E5-F6A7-8901-BCDE-F12345678901}.Debug|x64.ActiveCfg = Debug|Any CPU
		{B2C3D4E5-F6A7-8901-BCDE-F12345678901}.Debug|x64.Build.0 = Debug|Any CPU
		{B2C3D4E5-F6A7-8901-BCDE-F12345678901}.Debug|x86.ActiveCfg = Debug|Any CPU
		{B2C3D4E5-F6A7-8901-BCDE-F12345678901}.Debug|x86.Build.0 = Debug|Any CPU
		{B2C3D4E5-F6A7-8901-BCDE-F12345678901}.Release|Any CPU.ActiveCfg = Release|Any CPU
		{B2C3D4E5-F6A7-8901-BCDE-F12345678901}.Release|Any CPU.Build.0 = Release|Any CPU
		{B2C3D4E5-F6A7-8901-BCDE-F12345678901}.Release|x64.ActiveCfg = Release|Any CPU
		{B2C3D4E5-F6A7-8901-BCDE-F12345678901}.Release|x64.Build.0 = Release|Any CPU
		{B2C3D4E5-F6A7-8901-BCDE-F12345678901}.Release|x86.ActiveCfg = Release|Any CPU
		{B2C3D4E5-F6A7-8901-BCDE-F12345678901}.Release|x86.Build.0 = Release|Any CPU
		{C3D4E5F6-A7B8-9012-CDEF-123456789012}.Debug|Any CPU.ActiveCfg = Debug|Any CPU
		{C3D4E5F6-A7B8-9012-CDEF-123456789012}.Debug|Any CPU.Build.0 = Debug|Any CPU
		{C3D4E5F6-A7B8-9012-CDEF-123456789012}.Debug|x64.ActiveCfg = Debug|Any CPU
		{C3D4E5F6-A7B8-9012-CDEF-123456789012}.Debug|x64.Build.0 = Debug|Any CPU
		{C3D4E5F6-A7B8-9012-CDEF-123456789012}.Debug|x86.ActiveCfg = Debug|Any CPU
		{C3D4E5F6-A7B8-9012-CDEF-123456789012}.Debug|x86.Build.0 = Debug|Any CPU
		{C3D4E5F6-A7B8-9012-CDEF-123456789012}.Release|Any CPU.ActiveCfg = Release|Any CPU
		{C3D4E5F6-A7B8-9012-CDEF-123456789012}.Release|Any CPU.Build.0 = Release|Any CPU
		{C3D4E5F6-A7B8-9012-CDEF-123456789012}.Release|x64.ActiveCfg = Release|Any CPU
		{C3D4E5F6-A7B8-9012-CDEF-123456789012}.Release|x64.Build.0 = Release|Any CPU
		{C3D4E5F6-A7B8-9012-CDEF-123456789012}.Release|x86.ActiveCfg = Release|Any CPU
		{C3D4E5F6-A7B8-9012-CDEF-123456789012}.Release|x86.Build.0 = Release|Any CPU
		{32064EDC-9C7A-42FB-BC26-08000A9E7F02}.Debug|Any CPU.ActiveCfg = Debug|Any CPU
		{32064EDC-9C7A-42FB-BC26-08000A9E7F02}.Debug|Any CPU.Build.0 = Debug|Any CPU
		{32064EDC-9C7A-42FB-BC26-08000A9E7F02}.Debug|x64.ActiveCfg = Debug|Any CPU
		{32064EDC-9C7A-42FB-BC26-08000A9E7F02}.Debug|x64.Build.0 = Debug|Any CPU
		{32064EDC-9C7A-42FB-BC26-08000A9E7F02}.Debug|x86.ActiveCfg = Debug|Any CPU
		{32064EDC-9C7A-42FB-BC26-08000A9E7F02}.Debug|x86.Build.0 = Debug|Any CPU
		{32064EDC-9C7A-42FB-BC26-08000A9E7F02}.Release|Any CPU.ActiveCfg = Release|Any CPU
		{32064EDC-9C7A-42FB-BC26-08000A9E7F02}.Release|Any CPU.Build.0 = Release|Any CPU
		{32064EDC-9C7A-42FB-BC26-08000A9E7F02}.Release|x64.ActiveCfg = Release|Any CPU
		{32064EDC-9C7A-42FB-BC26-08000A9E7F02}.Release|x64.Build.0 = Release|Any CPU
		{32064EDC-9C7A-42FB-BC26-08000A9E7F02}.Release|x86.ActiveCfg = Release|Any CPU
		{32064EDC-9C7A-42FB-BC26-08000A9E7F02}.Release|x86.Build.0 = Release|Any CPU
		{0CCCBF67-28A1-44FE-B885-0DC6F22ACD09}.Debug|Any CPU.ActiveCfg = Debug|Any CPU
		{0CCCBF67-28A1-44FE-B885-0DC6F22ACD09}.Debug|Any CPU.Build.0 = Debug|Any CPU
		{0CCCBF67-28A1-44FE-B885-0DC6F22ACD09}.Debug|x64.ActiveCfg = Debug|Any CPU
		{0CCCBF67-28A1-44FE-B885-0DC6F22ACD09}.Debug|x64.Build.0 = Debug|Any CPU
		{0CCCBF67-28A1-44FE-B885-0DC6F22ACD09}.Debug|x86.ActiveCfg = Debug|Any CPU
		{0CCCBF67-28A1-44FE-B885-0DC6F22ACD09}.Debug|x86.Build.0 = Debug|Any CPU
		{0CCCBF67-28A1-44FE-B885-0DC6F22ACD09}.Release|Any CPU.ActiveCfg = Release|Any CPU
		{0CCCBF67-28A1-44FE-B885-0DC6F22ACD09}.Release|Any CPU.Build.0 = Release|Any CPU
		{0CCCBF67-28A1-44FE-B885-0DC6F22ACD09}.Release|x64.ActiveCfg = Release|Any CPU
		{0CCCBF67-28A1-44FE-B885-0DC6F22ACD09}.Release|x64.Build.0 = Release|Any CPU
		{0CCCBF67-28A1-44FE-B885-0DC6F22ACD09}.Release|x86.ActiveCfg = Release|Any CPU
		{0CCCBF67-28A1-44FE-B885-0DC6F22ACD09}.Release|x86.Build.0 = Release|Any CPU
		{C4223449-5E11-4C83-8178-C5F2D933FC51}.Debug|Any CPU.ActiveCfg = Debug|Any CPU
		{C4223449-5E11-4C83-8178-C5F2D933FC51}.Debug|Any CPU.Build.0 = Debug|Any CPU
		{C4223449-5E11-4C83-8178-C5F2D933FC51}.Debug|x64.ActiveCfg = Debug|Any CPU
		{C4223449-5E11-4C83-8178-C5F2D933FC51}.Debug|x64.Build.0 = Debug|Any CPU
		{C4223449-5E11-4C83-8178-C5F2D933FC51}.Debug|x86.ActiveCfg = Debug|Any CPU
		{C4223449-5E11-4C83-8178-C5F2D933FC51}.Debug|x86.Build.0 = Debug|Any CPU
		{C4223449-5E11-4C83-8178-C5F2D933FC51}.Release|Any CPU.ActiveCfg = Release|Any CPU
		{C4223449-5E11-4C83-8178-C5F2D933FC51}.Release|Any CPU.Build.0 = Release|Any CPU
		{C4223449-5E11-4C83-8178-C5F2D933FC51}.Release|x64.ActiveCfg = Release|Any CPU
		{C4223449-5E11-4C83-8178-C5F2D933FC51}.Release|x64.Build.0 = Release|Any CPU
		{C4223449-5E11-4C83-8178-C5F2D933FC51}.Release|x86.ActiveCfg = Release|Any CPU
		{C4223449-5E11-4C83-8178-C5F2D933FC51}.Release|x86.Build.0 = Release|Any CPU
		{30D36683-7CA4-4B06-9681-E5DD6E6B2A84}.Debug|Any CPU.ActiveCfg = Debug|Any CPU
		{30D36683-7CA4-4B06-9681-E5DD6E6B2A84}.Debug|Any CPU.Build.0 = Debug|Any CPU
		{30D36683-7CA4-4B06-9681-E5DD6E6B2A84}.Debug|x64.ActiveCfg = Debug|Any CPU
		{30D36683-7CA4-4B06-9681-E5DD6E6B2A84}.Debug|x64.Build.0 = Debug|Any CPU
		{30D36683-7CA4-4B06-9681-E5DD6E6B2A84}.Debug|x86.ActiveCfg = Debug|Any CPU
		{30D36683-7CA4-4B06-9681-E5DD6E6B2A84}.Debug|x86.Build.0 = Debug|Any CPU
		{30D36683-7CA4-4B06-9681-E5DD6E6B2A84}.Release|Any CPU.ActiveCfg = Release|Any CPU
		{30D36683-7CA4-4B06-9681-E5DD6E6B2A84}.Release|Any CPU.Build.0 = Release|Any CPU
		{30D36683-7CA4-4B06-9681-E5DD6E6B2A84}.Release|x64.ActiveCfg = Release|Any CPU
		{30D36683-7CA4-4B06-9681-E5DD6E6B2A84}.Release|x64.Build.0 = Release|Any CPU
		{30D36683-7CA4-4B06-9681-E5DD6E6B2A84}.Release|x86.ActiveCfg = Release|Any CPU
		{30D36683-7CA4-4B06-9681-E5DD6E6B2A84}.Release|x86.Build.0 = Release|Any CPU
		{2E91D149-6914-4516-AD41-35353647AE95}.Debug|Any CPU.ActiveCfg = Debug|Any CPU
		{2E91D149-6914-4516-AD41-35353647AE95}.Debug|Any CPU.Build.0 = Debug|Any CPU
		{2E91D149-6914-4516-AD41-35353647AE95}.Debug|x64.ActiveCfg = Debug|Any CPU
		{2E91D149-6914-4516-AD41-35353647AE95}.Debug|x64.Build.0 = Debug|Any CPU
		{2E91D149-6914-4516-AD41-35353647AE95}.Debug|x86.ActiveCfg = Debug|Any CPU
		{2E91D149-6914-4516-AD41-35353647AE95}.Debug|x86.Build.0 = Debug|Any CPU
		{2E91D149-6914-4516-AD41-35353647AE95}.Release|Any CPU.ActiveCfg = Release|Any CPU
		{2E91D149-6914-4516-AD41-35353647AE95}.Release|Any CPU.Build.0 = Release|Any CPU
		{2E91D149-6914-4516-AD41-35353647AE95}.Release|x64.ActiveCfg = Release|Any CPU
		{2E91D149-6914-4516-AD41-35353647AE95}.Release|x64.Build.0 = Release|Any CPU
		{2E91D149-6914-4516-AD41-35353647AE95}.Release|x86.ActiveCfg = Release|Any CPU
		{2E91D149-6914-4516-AD41-35353647AE95}.Release|x86.Build.0 = Release|Any CPU
		{A75878EE-9DFD-410C-A94B-C0977998B405}.Debug|Any CPU.ActiveCfg = Debug|Any CPU
		{A75878EE-9DFD-410C-A94B-C0977998B405}.Debug|Any CPU.Build.0 = Debug|Any CPU
		{A75878EE-9DFD-410C-A94B-C0977998B405}.Debug|x64.ActiveCfg = Debug|Any CPU
		{A75878EE-9DFD-410C-A94B-C0977998B405}.Debug|x64.Build.0 = Debug|Any CPU
		{A75878EE-9DFD-410C-A94B-C0977998B405}.Debug|x86.ActiveCfg = Debug|Any CPU
		{A75878EE-9DFD-410C-A94B-C0977998B405}.Debug|x86.Build.0 = Debug|Any CPU
		{A75878EE-9DFD-410C-A94B-C0977998B405}.Release|Any CPU.ActiveCfg = Release|Any CPU
		{A75878EE-9DFD-410C-A94B-C0977998B405}.Release|Any CPU.Build.0 = Release|Any CPU
		{A75878EE-9DFD-410C-A94B-C0977998B405}.Release|x64.ActiveCfg = Release|Any CPU
		{A75878EE-9DFD-410C-A94B-C0977998B405}.Release|x64.Build.0 = Release|Any CPU
		{A75878EE-9DFD-410C-A94B-C0977998B405}.Release|x86.ActiveCfg = Release|Any CPU
		{A75878EE-9DFD-410C-A94B-C0977998B405}.Release|x86.Build.0 = Release|Any CPU
	EndGlobalSection
	GlobalSection(SolutionProperties) = preSolution
		HideSolutionNode = FALSE
	EndGlobalSection
	GlobalSection(NestedProjects) = preSolution
		{C4223449-5E11-4C83-8178-C5F2D933FC51} = {827E0CD3-B72D-47B6-A68D-7590B98EB39B}
		{E40B6CDD-7CE9-8F09-74B6-9E4E29302379} = {CF16BC1C-BDEA-B3AA-CE85-637DF72D6D3F}
		{30D36683-7CA4-4B06-9681-E5DD6E6B2A84} = {E40B6CDD-7CE9-8F09-74B6-9E4E29302379}
		{83B48D8F-5114-2D22-50C7-BE7A4DBA2F51} = {CF16BC1C-BDEA-B3AA-CE85-637DF72D6D3F}
		{2E91D149-6914-4516-AD41-35353647AE95} = {83B48D8F-5114-2D22-50C7-BE7A4DBA2F51}
		{3320C438-D4C1-7C86-341E-9CC538DB308A} = {CF16BC1C-BDEA-B3AA-CE85-637DF72D6D3F}
		{A75878EE-9DFD-410C-A94B-C0977998B405} = {3320C438-D4C1-7C86-341E-9CC538DB308A}
	EndGlobalSection
EndGlobal
